{
  "name": "booknest-smart-book-finder",
  "version": "1.0.0",
  "lockfileVersion": 3,
  "requires": true,
  "packages": {
    "": {
      "name": "booknest-smart-book-finder",
      "version": "1.0.0",
      "dependencies": {
        "@vitejs/plugin-react": "latest",
        "vite": "latest",
        "react": "latest",
        "react-dom": "latest",
        "react-router-dom": "latest",
        "lucide-react": "latest",
        "recharts": "latest"
      },
      "devDependencies": {}
    }
  }
}